uuid: cb88056e-c3e5-4045-811e-b94c3978cc42
langcode: en
status: true
dependencies:
  config:
    - field.storage.sand_remote.field_body
    - field.storage.sand_remote.field_doc_date
    - search_api.index.remote
  module:
    - datetime
    - search_api
    - text
id: search_ocd_block
label: 'Search OCD Block'
targetEntityType: null
cache: true
